{
    "_meta": {
        "hash": {
            "sha256": "8e619e0eaab2c024a206410145e32cabdb0783d631c4ea8ea7d5e987602ffa5b"
        },
        "pipfile-spec": 6,
        "requires": {
            "python_version": "3.8"
        },
        "sources": [
            {
                "name": "pypi",
                "url": "https://pypi.org/simple",
                "verify_ssl": true
            }
        ]
    },
    "default": {
        "asgiref": {
            "hashes": [
                "sha256:7e51911ee147dd685c3c8b805c0ad0cb58d360987b56953878f8c06d2d1c6f1a",
                "sha256:9fc6fb5d39b8af147ba40765234fa822b39818b12cc80b35ad9b0cef3a476aed"
            ],
            "markers": "python_version >= '3.5'",
            "version": "==3.2.10"
        },
        "django": {
            "hashes": [
                "sha256:4f2c913303be4f874015993420bf0bd8fd2097a9c88e6b49c6a92f9bdd3fb13a",
                "sha256:8c3575f81e11390893860d97e1e0154c47512f180ea55bd84ce8fa69ba8051ca"
            ],
            "index": "pypi",
            "version": "==3.0.2"
        },
        "psycopg2": {
            "hashes": [
                "sha256:3648afc2b4828a6e00d516d2d09a260edd2c1e3de1e0d41d99c5ab004a73d180",
                "sha256:5329b4530e31f58e0eafc55e26bbef684509bcc3be41604e45c0b98c297dc722",
                "sha256:7c1ae1669d11105a002f804bebd7432f8dc7473459aa405164c6b44a922decd5",
                "sha256:8af13498e32a00d0a66e43b7491c15231b27ab964ee4d2277a4a2dbadfb2c482",
                "sha256:9d5489867bd5f6d6c6191a4debd8de9a5c03a9608cce3f4d7133e29e6bd4ec27",
                "sha256:a17bfc9faffcca0ad9360c1ad97ab61ede583aa954715e8e436ffd80046661ff",
                "sha256:b4a475ce87eabc0607e068a3c704d0aa0820237ed78d493b8e2d880eb73cd7fe",
                "sha256:c49d66e97affdc80d084b3b363f09f17db621418f0b8e0524b06c54959e2094d",
                "sha256:d13fbc3d533656cfdf094e13c1b0f40917b72813755ba780971ba0ce04280ac4",
                "sha256:e1e4fe6e8ab9f9c7d28514d007f623999d2dd6b5b81069dd4f9d30dbdd6f7069",
                "sha256:e67d60cb1a32f5fd8fcea935cf9efb1d1c26f96203b0ca2ae98c4c40ef8d8eac"
            ],
            "index": "pypi",
            "version": "==2.8.1"
        },
        "pytz": {
            "hashes": [
                "sha256:a494d53b6d39c3c6e44c3bec237336e14305e4f29bbf800b599253057fbb79ed",
                "sha256:c35965d010ce31b23eeb663ed3cc8c906275d6be1a34393a1d73a41febf4a048"
            ],
            "version": "==2020.1"
        },
        "sqlparse": {
            "hashes": [
                "sha256:022fb9c87b524d1f7862b3037e541f68597a730a8843245c349fc93e1643dc4e",
                "sha256:e162203737712307dfe78860cc56c8da8a852ab2ee33750e33aeadf38d12c548"
            ],
            "markers": "python_version >= '2.7' and python_version not in '3.0, 3.1, 3.2, 3.3'",
            "version": "==0.3.1"
        }
    },
    "develop": {
        "flake8": {
            "hashes": [
                "sha256:15e351d19611c887e482fb960eae4d44845013cc142d42896e9862f775d8cf5c",
                "sha256:f04b9fcbac03b0a3e58c0ab3a0ecc462e023a9faf046d57794184028123aa208"
            ],
            "index": "pypi",
            "version": "==3.8.3"
        },
        "mccabe": {
            "hashes": [
                "sha256:ab8a6258860da4b6677da4bd2fe5dc2c659cff31b3ee4f7f5d64e79735b80d42",
                "sha256:dd8d182285a0fe56bace7f45b5e7d1a6ebcbf524e8f3bd87eb0f125271b8831f"
            ],
            "version": "==0.6.1"
        },
        "pycodestyle": {
            "hashes": [
                "sha256:2295e7b2f6b5bd100585ebcb1f616591b652db8a741695b3d8f5d28bdc934367",
                "sha256:c58a7d2815e0e8d7972bf1803331fb0152f867bd89adf8a01dfd55085434192e"
            ],
            "markers": "python_version >= '2.7' and python_version not in '3.0, 3.1, 3.2, 3.3'",
            "version": "==2.6.0"
        },
        "pyflakes": {
            "hashes": [
                "sha256:0d94e0e05a19e57a99444b6ddcf9a6eb2e5c68d3ca1e98e90707af8152c90a92",
                "sha256:35b2d75ee967ea93b55750aa9edbbf72813e06a66ba54438df2cfac9e3c27fc8"
            ],
            "markers": "python_version >= '2.7' and python_version not in '3.0, 3.1, 3.2, 3.3'",
            "version": "==2.2.0"
        }
    }
}
